
Microsoft Visual Studio Solution File, Format Version 12.00
# Visual Studio Version 16
VisualStudioVersion = 16.0.31911.196
MinimumVisualStudioVersion = 10.0.40219.1
Project("{8BC9CEB8-8B4A-11D0-8D11-00A0C91BC942}") = "7ziptest", "7ziptest\7ziptest.vcxproj", "{6B7E65C1-9AB4-4D04-8761-EA15C959AC5C}"
	ProjectSection(ProjectDependencies) = postProject
		{F8767F95-8E3F-4DBD-8956-01B9825CDDEB} = {F8767F95-8E3F-4DBD-8956-01B9825CDDEB}
	EndProjectSection
EndProject
Project("{8BC9CEB8-8B4A-11D0-8D11-00A0C91BC942}") = "7zLib", "..\lzma2301\C\Util\7z\7zLib.vcxproj", "{F8767F95-8E3F-4DBD-8956-01B9825CDDEB}"
EndProject
Project("{8BC9CEB8-8B4A-11D0-8D11-00A0C91BC942}") = "Alone", "..\lzma2301\CPP\7zip\Bundles\Alone7z\Alone.vcxproj", "{60B9A506-83B8-4132-A885-62D19AF536EB}"
EndProject
Project("{8BC9CEB8-8B4A-11D0-8D11-00A0C91BC942}") = "AloneLib", "..\lzma2301\CPP\7zip\Bundles\Alone7z\AloneLib.vcxproj", "{9614831F-F2E7-4230-BA18-3D4FADB40F13}"
EndProject
Global
	GlobalSection(SolutionConfigurationPlatforms) = preSolution
		Debug|x64 = Debug|x64
		Debug|x86 = Debug|x86
		Release|x64 = Release|x64
		Release|x86 = Release|x86
	EndGlobalSection
	GlobalSection(ProjectConfigurationPlatforms) = postSolution
		{6B7E65C1-9AB4-4D04-8761-EA15C959AC5C}.Debug|x64.ActiveCfg = Debug|x64
		{6B7E65C1-9AB4-4D04-8761-EA15C959AC5C}.Debug|x64.Build.0 = Debug|x64
		{6B7E65C1-9AB4-4D04-8761-EA15C959AC5C}.Debug|x86.ActiveCfg = Debug|Win32
		{6B7E65C1-9AB4-4D04-8761-EA15C959AC5C}.Debug|x86.Build.0 = Debug|Win32
		{6B7E65C1-9AB4-4D04-8761-EA15C959AC5C}.Release|x64.ActiveCfg = Release|x64
		{6B7E65C1-9AB4-4D04-8761-EA15C959AC5C}.Release|x64.Build.0 = Release|x64
		{6B7E65C1-9AB4-4D04-8761-EA15C959AC5C}.Release|x86.ActiveCfg = Release|Win32
		{6B7E65C1-9AB4-4D04-8761-EA15C959AC5C}.Release|x86.Build.0 = Release|Win32
		{F8767F95-8E3F-4DBD-8956-01B9825CDDEB}.Debug|x64.ActiveCfg = Debug|x64
		{F8767F95-8E3F-4DBD-8956-01B9825CDDEB}.Debug|x64.Build.0 = Debug|x64
		{F8767F95-8E3F-4DBD-8956-01B9825CDDEB}.Debug|x86.ActiveCfg = Debug|Win32
		{F8767F95-8E3F-4DBD-8956-01B9825CDDEB}.Debug|x86.Build.0 = Debug|Win32
		{F8767F95-8E3F-4DBD-8956-01B9825CDDEB}.Release|x64.ActiveCfg = Release|x64
		{F8767F95-8E3F-4DBD-8956-01B9825CDDEB}.Release|x64.Build.0 = Release|x64
		{F8767F95-8E3F-4DBD-8956-01B9825CDDEB}.Release|x86.ActiveCfg = Release|Win32
		{F8767F95-8E3F-4DBD-8956-01B9825CDDEB}.Release|x86.Build.0 = Release|Win32
		{60B9A506-83B8-4132-A885-62D19AF536EB}.Debug|x64.ActiveCfg = Debug|Win32
		{60B9A506-83B8-4132-A885-62D19AF536EB}.Debug|x86.ActiveCfg = Debug|Win32
		{60B9A506-83B8-4132-A885-62D19AF536EB}.Debug|x86.Build.0 = Debug|Win32
		{60B9A506-83B8-4132-A885-62D19AF536EB}.Release|x64.ActiveCfg = Release|Win32
		{60B9A506-83B8-4132-A885-62D19AF536EB}.Release|x86.ActiveCfg = Release|Win32
		{60B9A506-83B8-4132-A885-62D19AF536EB}.Release|x86.Build.0 = Release|Win32
		{9614831F-F2E7-4230-BA18-3D4FADB40F13}.Debug|x64.ActiveCfg = Debug|Win32
		{9614831F-F2E7-4230-BA18-3D4FADB40F13}.Debug|x86.ActiveCfg = Debug|Win32
		{9614831F-F2E7-4230-BA18-3D4FADB40F13}.Debug|x86.Build.0 = Debug|Win32
		{9614831F-F2E7-4230-BA18-3D4FADB40F13}.Release|x64.ActiveCfg = Release|Win32
		{9614831F-F2E7-4230-BA18-3D4FADB40F13}.Release|x86.ActiveCfg = Release|Win32
		{9614831F-F2E7-4230-BA18-3D4FADB40F13}.Release|x86.Build.0 = Release|Win32
	EndGlobalSection
	GlobalSection(SolutionProperties) = preSolution
		HideSolutionNode = FALSE
	EndGlobalSection
	GlobalSection(ExtensibilityGlobals) = postSolution
		SolutionGuid = {3EB379F0-2C71-453D-A17D-169842B7A257}
	EndGlobalSection
EndGlobal
